
Microsoft Visual Studio Solution File, Format Version 12.00
# Visual Studio Version 17
VisualStudioVersion = 17.12.35514.174 d17.12
MinimumVisualStudioVersion = 10.0.40219.1
Project("{FAE04EC0-301F-11D3-BF4B-00C04F79EFBC}") = "Beast_in_Labyrint", "Beast_in_Labyrint\Beast_in_Labyrint.csproj", "{6972DF73-0D2E-49A2-8CC9-4714337C0764}"
EndProject
Global
	GlobalSection(SolutionConfigurationPlatforms) = preSolution
		Debug|Any CPU = Debug|Any CPU
		Release|Any CPU = Release|Any CPU
	EndGlobalSection
	GlobalSection(ProjectConfigurationPlatforms) = postSolution
		{6972DF73-0D2E-49A2-8CC9-4714337C0764}.Debug|Any CPU.ActiveCfg = Debug|Any CPU
		{6972DF73-0D2E-49A2-8CC9-4714337C0764}.Debug|Any CPU.Build.0 = Debug|Any CPU
		{6972DF73-0D2E-49A2-8CC9-4714337C0764}.Release|Any CPU.ActiveCfg = Release|Any CPU
		{6972DF73-0D2E-49A2-8CC9-4714337C0764}.Release|Any CPU.Build.0 = Release|Any CPU
	EndGlobalSection
	GlobalSection(SolutionProperties) = preSolution
		HideSolutionNode = FALSE
	EndGlobalSection
EndGlobal
